{
  "lockfile_version": "1",
  "packages": {
    "act@0.2.88": {
      "last_modified": "2026-05-21T08:15:18Z",
      "resolved": "github:NixOS/nixpkgs/4a29d733e8a7d5b824c3d8c958a946a9867b3eb2#act",
      "source": "devbox-search",
      "version": "0.2.88",
      "systems": {
        "aarch64-darwin": {
          "outputs": [
            {
              "name": "out",
              "path": "/nix/store/fmhnq6fn426v0crip0mkbqns2lv9251j-act-0.2.88",
              "default": true
            }
          ],
          "store_path": "/nix/store/fmhnq6fn426v0crip0mkbqns2lv9251j-act-0.2.88"
        },
        "aarch64-linux": {
          "outputs": [
            {
              "name": "out",
              "path": "/nix/store/pdp7yd81ryadh5whbcmdnq87l732jc7b-act-0.2.88",
              "default": true
            }
          ],
          "store_path": "/nix/store/pdp7yd81ryadh5whbcmdnq87l732jc7b-act-0.2.88"
        },
        "x86_64-darwin": {
          "outputs": [
            {
              "name": "out",
              "path": "/nix/store/cxphgb801n8smiqy4a64bnq6fz0dggyc-act-0.2.88",
              "default": true
            }
          ],
          "store_path": "/nix/store/cxphgb801n8smiqy4a64bnq6fz0dggyc-act-0.2.88"
        },
        "x86_64-linux": {
          "outputs": [
            {
              "name": "out",
              "path": "/nix/store/1h0krxwvbs1s4vpvdlv9snlpsylzwdka-act-0.2.88",
              "default": true
            }
          ],
          "store_path": "/nix/store/1h0krxwvbs1s4vpvdlv9snlpsylzwdka-act-0.2.88"
        }
      }
    },
    "cpplint@2.0.2": {
      "last_modified": "2026-05-21T08:15:18Z",
      "resolved": "github:NixOS/nixpkgs/4a29d733e8a7d5b824c3d8c958a946a9867b3eb2#cpplint",
      "source": "devbox-search",
      "version": "2.0.2",
      "systems": {
        "aarch64-darwin": {
          "outputs": [
            {
              "name": "out",
              "path": "/nix/store/lz8hhjga6jq633fi5d9zx5igp6i7jcy8-cpplint-2.0.2",
              "default": true
            },
            {
              "name": "dist",
              "path": "/nix/store/pvy3ld0g8niw1vd28ypjhcm7ir67mffh-cpplint-2.0.2-dist"
            }
          ],
          "store_path": "/nix/store/lz8hhjga6jq633fi5d9zx5igp6i7jcy8-cpplint-2.0.2"
        },
        "aarch64-linux": {
          "outputs": [
            {
              "name": "out",
              "path": "/nix/store/sb3v461kvyk1ar82584kwxw2bxhkfqf1-cpplint-2.0.2",
              "default": true
            },
            {
              "name": "dist",
              "path": "/nix/store/rk9rz700cpzxlsjnjkkr3ksxzylxqyk1-cpplint-2.0.2-dist"
            }
          ],
          "store_path": "/nix/store/sb3v461kvyk1ar82584kwxw2bxhkfqf1-cpplint-2.0.2"
        },
        "x86_64-darwin": {
          "outputs": [
            {
              "name": "out",
              "path": "/nix/store/lbhva6s92qfjavjrss2ya4a0zbj1m3lz-cpplint-2.0.2",
              "default": true
            },
            {
              "name": "dist",
              "path": "/nix/store/k6kgicad5l64zwyazyf48xpvx5bp4m2v-cpplint-2.0.2-dist"
            }
          ],
          "store_path": "/nix/store/lbhva6s92qfjavjrss2ya4a0zbj1m3lz-cpplint-2.0.2"
        },
        "x86_64-linux": {
          "outputs": [
            {
              "name": "out",
              "path": "/nix/store/4496zqjpx68xqs7h72ijzris09jphk21-cpplint-2.0.2",
              "default": true
            },
            {
              "name": "dist",
              "path": "/nix/store/wgaq6nw9d2as2wax90zalvg8ph16lq6w-cpplint-2.0.2-dist"
            }
          ],
          "store_path": "/nix/store/4496zqjpx68xqs7h72ijzris09jphk21-cpplint-2.0.2"
        }
      }
    },
    "github:NixOS/nixpkgs/nixpkgs-unstable": {
      "last_modified": "2026-06-16T10:57:20Z",
      "resolved": "github:NixOS/nixpkgs/3e41b24abd260e8f71dbe2f5737d24122f972158?lastModified=1781607440&narHash=sha256-rxO%2Buc%2FKFbSJp%2BpgyXRuAX6QlG9hJdnt0BXpEQRXY%2BU%3D"
    },
    "python3Packages.pip": {
      "resolved": "github:NixOS/nixpkgs/2343bbb58f99267223bc2aac4fc9ea301a155a16?narHash=sha256-LovWTGDwXhkfCOmbgLVA10bvsi%2FP8eDDpRudgk68HA8%3D#python3Packages.pip",
      "source": "nixpkg",
      "systems": {
        "x86_64-linux": {
          "outputs": [
            {
              "name": "man",
              "path": "/nix/store/54ghr1cpaw5nzwjy9giiwpa455k1kd3f-python3.13-pip-25.3-man",
              "default": true
            },
            {
              "path": "/nix/store/kk4zk5aq3fi3vm7vfm0nl4m44jxiaa6a-python3.13-pip-25.3",
              "default": true
            }
          ]
        }
      }
    },
    "python@3.13": {
      "last_modified": "2025-05-16T20:19:48Z",
      "plugin_version": "0.0.4",
      "resolved": "github:NixOS/nixpkgs/12a55407652e04dcf2309436eb06fef0d3713ef3#python313",
      "source": "devbox-search",
      "version": "3.13.3",
      "systems": {
        "aarch64-darwin": {
          "outputs": [
            {
              "name": "out",
              "path": "/nix/store/1a8xg8l3m67hxinxzzcsak9736qm9vsf-python3-3.13.3",
              "default": true
            }
          ],
          "store_path": "/nix/store/1a8xg8l3m67hxinxzzcsak9736qm9vsf-python3-3.13.3"
        },
        "aarch64-linux": {
          "outputs": [
            {
              "name": "out",
              "path": "/nix/store/yy0xvc2rydhrs0h1v8d7r3sql347xzz5-python3-3.13.3",
              "default": true
            },
            {
              "name": "debug",
              "path": "/nix/store/42bxfqfrh8cwspl7szr0cw8739xv8qlq-python3-3.13.3-debug"
            }
          ],
          "store_path": "/nix/store/yy0xvc2rydhrs0h1v8d7r3sql347xzz5-python3-3.13.3"
        },
        "x86_64-darwin": {
          "outputs": [
            {
              "name": "out",
              "path": "/nix/store/gbrigjhghz9v2p0zf9b2fnvs0g0yx7q4-python3-3.13.3",
              "default": true
            }
          ],
          "store_path": "/nix/store/gbrigjhghz9v2p0zf9b2fnvs0g0yx7q4-python3-3.13.3"
        },
        "x86_64-linux": {
          "outputs": [
            {
              "name": "out",
              "path": "/nix/store/2mab9iiwhcqwk75qwvp3zv0bvbiaq6cs-python3-3.13.3",
              "default": true
            },
            {
              "name": "debug",
              "path": "/nix/store/9z6k8ijl2md0y2n95yprbjj4vxbfsi15-python3-3.13.3-debug"
            }
          ],
          "store_path": "/nix/store/2mab9iiwhcqwk75qwvp3zv0bvbiaq6cs-python3-3.13.3"
        }
      }
    }
  }
}
